{
  "name": "myResumeWeb",
  "lockfileVersion": 3,
  "requires": true,
  "packages": {
    "": {
      "dependencies": {
        "matter-wrap": "^0.2.0"
      }
    },
    "node_modules/matter-wrap": {
      "version": "0.2.0",
      "resolved": "https://registry.npmjs.org/matter-wrap/-/matter-wrap-0.2.0.tgz",
      "integrity": "sha512-Gp3tETlN6uZftc1Jnv1sogQd8uB2Xh4c5bQ18qKR6KOMfUlsS8vztrC1vDrZS8eg4MuwE1AgZEcwxI41BSW6oQ=="
    }
  }
}
